# This file is automatically @generated by Cargo.
# It is not intended for manual editing.
version = 3

[[package]]
name = "case"
version = "1.0.0"
source = "registry+https://github.com/rust-lang/crates.io-index"
checksum = "fd6c0e7b807d60291f42f33f58480c0bfafe28ed08286446f45e463728cf9c1c"

[[package]]
name = "edit-distance"
version = "2.1.0"
source = "registry+https://github.com/rust-lang/crates.io-index"
checksum = "bbbaaaf38131deb9ca518a274a45bfdb8771f139517b073b16c2d3d32ae5037b"

[[package]]
name = "expected_variable"
version = "0.1.0"
dependencies = [
 "case",
 "edit-distance",
 "strum",
]

[[package]]
name = "strum"
version = "0.25.0"
source = "registry+https://github.com/rust-lang/crates.io-index"
checksum = "290d54ea6f91c969195bdbcd7442c8c2a2ba87da8bf60a7ee86a235d4bc1e125"
